
Microsoft Visual Studio Solution File, Format Version 12.00
# Visual Studio Version 17
VisualStudioVersion = 17.2.32526.322
MinimumVisualStudioVersion = 10.0.40219.1
Project("{00D1A9C2-B5F0-4AF3-8072-F6C62B433612}") = "DB", "DB\DB.sqlproj", "{5D55A4E4-2F55-4F27-9E1B-4C6FC514AA02}"
EndProject
Global
	GlobalSection(SolutionConfigurationPlatforms) = preSolution
		Debug|Any CPU = Debug|Any CPU
		Release|Any CPU = Release|Any CPU
	EndGlobalSection
	GlobalSection(ProjectConfigurationPlatforms) = postSolution
		{5D55A4E4-2F55-4F27-9E1B-4C6FC514AA02}.Debug|Any CPU.ActiveCfg = Debug|Any CPU
		{5D55A4E4-2F55-4F27-9E1B-4C6FC514AA02}.Debug|Any CPU.Build.0 = Debug|Any CPU
		{5D55A4E4-2F55-4F27-9E1B-4C6FC514AA02}.Debug|Any CPU.Deploy.0 = Debug|Any CPU
		{5D55A4E4-2F55-4F27-9E1B-4C6FC514AA02}.Release|Any CPU.ActiveCfg = Release|Any CPU
		{5D55A4E4-2F55-4F27-9E1B-4C6FC514AA02}.Release|Any CPU.Build.0 = Release|Any CPU
		{5D55A4E4-2F55-4F27-9E1B-4C6FC514AA02}.Release|Any CPU.Deploy.0 = Release|Any CPU
	EndGlobalSection
	GlobalSection(SolutionProperties) = preSolution
		HideSolutionNode = FALSE
	EndGlobalSection
	GlobalSection(ExtensibilityGlobals) = postSolution
		SolutionGuid = {70AEAEC2-AFFC-4250-8409-538E7F473AC1}
	EndGlobalSection
EndGlobal
